# This file is automatically @generated by Wally.
# It is not intended for manual editing.
registry = "test"

[[package]]
name = "andremhpra/partcache"
version = "1.0.0"
dependencies = []

[[package]]
name = "artisticvampyre/spr"
version = "2.1.1"
dependencies = []

[[package]]
name = "aykut92/replica"
version = "0.1.7"
dependencies = []

[[package]]
name = "brittonfischer/camerashaker"
version = "0.1.0"
dependencies = []

[[package]]
name = "brittonfischer/spring"
version = "0.1.0"
dependencies = []

[[package]]
name = "claes-pulvera/template"
version = "0.1.0"
dependencies = [["BridgeNet2", "ffrostflame/bridgenet2@1.0.0"], ["CameraShaker", "brittonfischer/camerashaker@0.1.0"], ["Cmdr", "evaera/cmdr@1.12.0"], ["Component", "sleitnick/component@2.4.8"], ["Input", "sleitnick/input@3.0.0"], ["PartCache", "andremhpra/partcache@1.0.0"], ["Promise", "evaera/promise@4.0.0"], ["RaycastHitbox", "ulferno/raycasthitbox@4.0.2"], ["Replica", "aykut92/replica@0.1.7"], ["Sift", "csqrl/sift@0.0.11"], ["Signal", "sleitnick/signal@2.0.3"], ["Spr", "artisticvampyre/spr@2.1.1"], ["Spring", "brittonfischer/spring@0.1.0"], ["TopbarPlus", "legitatx/topbarplus@3.0.5"], ["Trove", "sleitnick/trove@1.8.0"], ["ZonePlus", "mattschrubb/zoneplus@3.2.0"], ["ProfileStore", "lm-loleris/profilestore@1.0.3"]]

[[package]]
name = "csqrl/sift"
version = "0.0.11"
dependencies = []

[[package]]
name = "evaera/cmdr"
version = "1.12.0"
dependencies = []

[[package]]
name = "evaera/promise"
version = "4.0.0"
dependencies = []

[[package]]
name = "ffrostflame/bridgenet2"
version = "1.0.0"
dependencies = [["RemotePacketSizeCounter", "pysephwasntavailable/remotepacketsizecounter@2.4.1"], ["TableKit", "ffrostflame/tablekit@0.2.4"], ["wallyInstanceManager", "ffrostflame/wally-instance-manager@0.1.0"]]

[[package]]
name = "ffrostflame/tablekit"
version = "0.2.4"
dependencies = []

[[package]]
name = "ffrostflame/wally-instance-manager"
version = "0.1.0"
dependencies = []

[[package]]
name = "legitatx/topbarplus"
version = "3.0.5"
dependencies = []

[[package]]
name = "lm-loleris/profilestore"
version = "1.0.3"
dependencies = []

[[package]]
name = "mattschrubb/zoneplus"
version = "3.2.0"
dependencies = []

[[package]]
name = "pysephwasntavailable/remotepacketsizecounter"
version = "2.4.1"
dependencies = []

[[package]]
name = "sleitnick/component"
version = "2.4.8"
dependencies = [["Promise", "evaera/promise@4.0.0"], ["Signal", "sleitnick/signal@2.0.3"], ["Symbol", "sleitnick/symbol@2.0.1"], ["Trove", "sleitnick/trove@1.8.0"]]

[[package]]
name = "sleitnick/input"
version = "3.0.0"
dependencies = [["Signal", "sleitnick/signal@2.0.3"], ["Trove", "sleitnick/trove@1.8.0"]]

[[package]]
name = "sleitnick/signal"
version = "2.0.3"
dependencies = []

[[package]]
name = "sleitnick/symbol"
version = "2.0.1"
dependencies = []

[[package]]
name = "sleitnick/trove"
version = "1.8.0"
dependencies = []

[[package]]
name = "ulferno/raycasthitbox"
version = "4.0.2"
dependencies = []
